<?xml version="1.0" encoding="utf-8"?>
<Project ToolsVersion="14.0" xmlns="http://schemas.microsoft.com/developer/msbuild/2003">
  <ItemGroup>
    <Filter Include="Header Files">
      <UniqueIdentifier>{8FCC07FD-15D7-3B40-B2EB-59BA474C860C}</UniqueIdentifier>
    </Filter>
    <Filter Include="Source Files">
      <UniqueIdentifier>{3865756C-9A3F-35DC-929B-B5DAD6401738}</UniqueIdentifier>
    </Filter>
  </ItemGroup>
  <ItemGroup>
    <ClCompile Include="src\context.c">
      <Filter>Source Files</Filter>
    </ClCompile>
    <ClCompile Include="src\egl_context.c">
      <Filter>Source Files</Filter>
    </ClCompile>
    <ClCompile Include="src\init.c">
      <Filter>Source Files</Filter>
    </ClCompile>
    <ClCompile Include="src\input.c">
      <Filter>Source Files</Filter>
    </ClCompile>
    <ClCompile Include="src\monitor.c">
      <Filter>Source Files</Filter>
    </ClCompile>
    <ClCompile Include="src\vulkan.c">
      <Filter>Source Files</Filter>
    </ClCompile>
    <ClCompile Include="src\wgl_context.c">
      <Filter>Source Files</Filter>
    </ClCompile>
    <ClCompile Include="src\win32_init.c">
      <Filter>Source Files</Filter>
    </ClCompile>
    <ClCompile Include="src\win32_joystick.c">
      <Filter>Source Files</Filter>
    </ClCompile>
    <ClCompile Include="src\win32_monitor.c">
      <Filter>Source Files</Filter>
    </ClCompile>
    <ClCompile Include="src\win32_time.c">
      <Filter>Source Files</Filter>
    </ClCompile>
    <ClCompile Include="src\win32_tls.c">
      <Filter>Source Files</Filter>
    </ClCompile>
    <ClCompile Include="src\win32_window.c">
      <Filter>Source Files</Filter>
    </ClCompile>
    <ClCompile Include="src\window.c">
      <Filter>Source Files</Filter>
    </ClCompile>
  </ItemGroup>
  <ItemGroup>
    <ClInclude Include="src\egl_context.h">
      <Filter>Source Files</Filter>
    </ClInclude>
    <ClInclude Include="src\internal.h">
      <Filter>Source Files</Filter>
    </ClInclude>
    <ClInclude Include="src\nsgl_context.h">
      <Filter>Source Files</Filter>
    </ClInclude>
    <ClInclude Include="src\wgl_context.h">
      <Filter>Source Files</Filter>
    </ClInclude>
    <ClInclude Include="src\win32_joystick.h">
      <Filter>Source Files</Filter>
    </ClInclude>
    <ClInclude Include="src\win32_platform.h">
      <Filter>Source Files</Filter>
    </ClInclude>
  </ItemGroup>
  <ItemGroup>
    <None Include="src\nsgl_context.m">
      <Filter>Source Files</Filter>
    </None>
  </ItemGroup>
</Project>